version = 1
revision = 2
requires-python = ">=3.13"

[[package]]
name = "greenlet"
version = "3.2.4"
source = { registry = "https://pypi.org/simple" }
sdist = { url = "https://files.pythonhosted.org/packages/03/b8/704d753a5a45507a7aab61f18db9509302ed3d0a27ac7e0359ec2905b1a6/greenlet-3.2.4.tar.gz", hash = "sha256:0dca0d95ff849f9a364385f36ab49f50065d76964944638be9691e1832e9f86d", size = 188260, upload-time = "2025-08-07T13:24:33.51Z" }
wheels = [
    { url = "https://files.pythonhosted.org/packages/49/e8/58c7f85958bda41dafea50497cbd59738c5c43dbbea5ee83d651234398f4/greenlet-3.2.4-cp313-cp313-macosx_11_0_universal2.whl", hash = "sha256:1a921e542453fe531144e91e1feedf12e07351b1cf6c9e8a3325ea600a715a31", size = 272814, upload-time = "2025-08-07T13:15:50.011Z" },
    { url = "https://files.pythonhosted.org/packages/62/dd/b9f59862e9e257a16e4e610480cfffd29e3fae018a68c2332090b53aac3d/greenlet-3.2.4-cp313-cp313-manylinux2014_aarch64.manylinux_2_17_aarch64.whl", hash = "sha256:cd3c8e693bff0fff6ba55f140bf390fa92c994083f838fece0f63be121334945", size = 641073, upload-time = "2025-08-07T13:42:57.23Z" },
    { url = "https://files.pythonhosted.org/packages/f7/0b/bc13f787394920b23073ca3b6c4a7a21396301ed75a655bcb47196b50e6e/greenlet-3.2.4-cp313-cp313-manylinux2014_ppc64le.manylinux_2_17_ppc64le.whl", hash = "sha256:710638eb93b1fa52823aa91bf75326f9ecdfd5e0466f00789246a5280f4ba0fc", size = 655191, upload-time = "2025-08-07T13:45:29.752Z" },
    { url = "https://files.pythonhosted.org/packages/f2/d6/6adde57d1345a8d0f14d31e4ab9c23cfe8e2cd39c3baf7674b4b0338d266/greenlet-3.2.4-cp313-cp313-manylinux2014_s390x.manylinux_2_17_s390x.whl", hash = "sha256:c5111ccdc9c88f423426df3fd1811bfc40ed66264d35aa373420a34377efc98a", size = 649516, upload-time = "2025-08-07T13:53:16.314Z" },
    { url = "https://files.pythonhosted.org/packages/7f/3b/3a3328a788d4a473889a2d403199932be55b1b0060f4ddd96ee7cdfcad10/greenlet-3.2.4-cp313-cp313-manylinux2014_x86_64.manylinux_2_17_x86_64.whl", hash = "sha256:d76383238584e9711e20ebe14db6c88ddcedc1829a9ad31a584389463b5aa504", size = 652169, upload-time = "2025-08-07T13:18:32.861Z" },
    { url = "https://files.pythonhosted.org/packages/ee/43/3cecdc0349359e1a527cbf2e3e28e5f8f06d3343aaf82ca13437a9aa290f/greenlet-3.2.4-cp313-cp313-manylinux_2_24_x86_64.manylinux_2_28_x86_64.whl", hash = "sha256:23768528f2911bcd7e475210822ffb5254ed10d71f4028387e5a99b4c6699671", size = 610497, upload-time = "2025-08-07T13:18:31.636Z" },
    { url = "https://files.pythonhosted.org/packages/b8/19/06b6cf5d604e2c382a6f31cafafd6f33d5dea706f4db7bdab184bad2b21d/greenlet-3.2.4-cp313-cp313-musllinux_1_1_aarch64.whl", hash = "sha256:00fadb3fedccc447f517ee0d3fd8fe49eae949e1cd0f6a611818f4f6fb7dc83b", size = 1121662, upload-time = "2025-08-07T13:42:41.117Z" },
    { url = "https://files.pythonhosted.org/packages/a2/15/0d5e4e1a66fab130d98168fe984c509249c833c1a3c16806b90f253ce7b9/greenlet-3.2.4-cp313-cp313-musllinux_1_1_x86_64.whl", hash = "sha256:d25c5091190f2dc0eaa3f950252122edbbadbb682aa7b1ef2f8af0f8c0afefae", size = 1149210, upload-time = "2025-08-07T13:18:24.072Z" },
    { url = "https://files.pythonhosted.org/packages/0b/55/2321e43595e6801e105fcfdee02b34c0f996eb71e6ddffca6b10b7e1d771/greenlet-3.2.4-cp313-cp313-win_amd64.whl", hash = "sha256:554b03b6e73aaabec3745364d6239e9e012d64c68ccd0b8430c64ccc14939a8b", size = 299685, upload-time = "2025-08-07T13:24:38.824Z" },
    { url = "https://files.pythonhosted.org/packages/22/5c/85273fd7cc388285632b0498dbbab97596e04b154933dfe0f3e68156c68c/greenlet-3.2.4-cp314-cp314-macosx_11_0_universal2.whl", hash = "sha256:49a30d5fda2507ae77be16479bdb62a660fa51b1eb4928b524975b3bde77b3c0", size = 273586, upload-time = "2025-08-07T13:16:08.004Z" },
    { url = "https://files.pythonhosted.org/packages/d1/75/10aeeaa3da9332c2e761e4c50d4c3556c21113ee3f0afa2cf5769946f7a3/greenlet-3.2.4-cp314-cp314-manylinux2014_aarch64.manylinux_2_17_aarch64.whl", hash = "sha256:299fd615cd8fc86267b47597123e3f43ad79c9d8a22bebdce535e53550763e2f", size = 686346, upload-time = "2025-08-07T13:42:59.944Z" },
    { url = "https://files.pythonhosted.org/packages/c0/aa/687d6b12ffb505a4447567d1f3abea23bd20e73a5bed63871178e0831b7a/greenlet-3.2.4-cp314-cp314-manylinux2014_ppc64le.manylinux_2_17_ppc64le.whl", hash = "sha256:c17b6b34111ea72fc5a4e4beec9711d2226285f0386ea83477cbb97c30a3f3a5", size = 699218, upload-time = "2025-08-07T13:45:30.969Z" },
    { url = "https://files.pythonhosted.org/packages/dc/8b/29aae55436521f1d6f8ff4e12fb676f3400de7fcf27fccd1d4d17fd8fecd/greenlet-3.2.4-cp314-cp314-manylinux2014_s390x.manylinux_2_17_s390x.whl", hash = "sha256:b4a1870c51720687af7fa3e7cda6d08d801dae660f75a76f3845b642b4da6ee1", size = 694659, upload-time = "2025-08-07T13:53:17.759Z" },
    { url = "https://files.pythonhosted.org/packages/92/2e/ea25914b1ebfde93b6fc4ff46d6864564fba59024e928bdc7de475affc25/greenlet-3.2.4-cp314-cp314-manylinux2014_x86_64.manylinux_2_17_x86_64.whl", hash = "sha256:061dc4cf2c34852b052a8620d40f36324554bc192be474b9e9770e8c042fd735", size = 695355, upload-time = "2025-08-07T13:18:34.517Z" },
    { url = "https://files.pythonhosted.org/packages/72/60/fc56c62046ec17f6b0d3060564562c64c862948c9d4bc8aa807cf5bd74f4/greenlet-3.2.4-cp314-cp314-manylinux_2_24_x86_64.manylinux_2_28_x86_64.whl", hash = "sha256:44358b9bf66c8576a9f57a590d5f5d6e72fa4228b763d0e43fee6d3b06d3a337", size = 657512, upload-time = "2025-08-07T13:18:33.969Z" },
    { url = "https://files.pythonhosted.org/packages/e3/a5/6ddab2b4c112be95601c13428db1d8b6608a8b6039816f2ba09c346c08fc/greenlet-3.2.4-cp314-cp314-win_amd64.whl", hash = "sha256:e37ab26028f12dbb0ff65f29a8d3d44a765c61e729647bf2ddfbbed621726f01", size = 303425, upload-time = "2025-08-07T13:32:27.59Z" },
]

[[package]]
name = "indexer"
version = "0.1.0"
source = { virtual = "." }
dependencies = [
    { name = "pdf2image" },
    { name = "pillow" },
    { name = "pymupdf" },
    { name = "pytesseract" },
    { name = "sqlalchemy", extra = ["mypy"] },
    { name = "whoosh" },
]

[package.dev-dependencies]
dev = [
    { name = "mypy" },
]

[package.metadata]
requires-dist = [
    { name = "pdf2image", specifier = ">=1.17.0" },
    { name = "pillow", specifier = ">=11.3.0" },
    { name = "pymupdf", specifier = ">=1.26.4" },
    { name = "pytesseract", specifier = ">=0.3.13" },
    { name = "sqlalchemy", extras = ["mypy"], specifier = "==2.0.*" },
    { name = "whoosh", specifier = ">=2.7.4" },
]

[package.metadata.requires-dev]
dev = [{ name = "mypy", specifier = ">=1.17.1" }]

[[package]]
name = "mypy"
version = "1.17.1"
source = { registry = "https://pypi.org/simple" }
dependencies = [
    { name = "mypy-extensions" },
    { name = "pathspec" },
    { name = "typing-extensions" },
]
sdist = { url = "https://files.pythonhosted.org/packages/8e/22/ea637422dedf0bf36f3ef238eab4e455e2a0dcc3082b5cc067615347ab8e/mypy-1.17.1.tar.gz", hash = "sha256:25e01ec741ab5bb3eec8ba9cdb0f769230368a22c959c4937360efb89b7e9f01", size = 3352570, upload-time = "2025-07-31T07:54:19.204Z" }
wheels = [
    { url = "https://files.pythonhosted.org/packages/5b/82/aec2fc9b9b149f372850291827537a508d6c4d3664b1750a324b91f71355/mypy-1.17.1-cp313-cp313-macosx_10_13_x86_64.whl", hash = "sha256:93378d3203a5c0800c6b6d850ad2f19f7a3cdf1a3701d3416dbf128805c6a6a7", size = 11075338, upload-time = "2025-07-31T07:53:38.873Z" },
    { url = "https://files.pythonhosted.org/packages/07/ac/ee93fbde9d2242657128af8c86f5d917cd2887584cf948a8e3663d0cd737/mypy-1.17.1-cp313-cp313-macosx_11_0_arm64.whl", hash = "sha256:15d54056f7fe7a826d897789f53dd6377ec2ea8ba6f776dc83c2902b899fee81", size = 10113066, upload-time = "2025-07-31T07:54:14.707Z" },
    { url = "https://files.pythonhosted.org/packages/5a/68/946a1e0be93f17f7caa56c45844ec691ca153ee8b62f21eddda336a2d203/mypy-1.17.1-cp313-cp313-manylinux2014_aarch64.manylinux_2_17_aarch64.manylinux_2_28_aarch64.whl", hash = "sha256:209a58fed9987eccc20f2ca94afe7257a8f46eb5df1fb69958650973230f91e6", size = 11875473, upload-time = "2025-07-31T07:53:14.504Z" },
    { url = "https://files.pythonhosted.org/packages/9f/0f/478b4dce1cb4f43cf0f0d00fba3030b21ca04a01b74d1cd272a528cf446f/mypy-1.17.1-cp313-cp313-manylinux2014_x86_64.manylinux_2_17_x86_64.manylinux_2_28_x86_64.whl", hash = "sha256:099b9a5da47de9e2cb5165e581f158e854d9e19d2e96b6698c0d64de911dd849", size = 12744296, upload-time = "2025-07-31T07:53:03.896Z" },
    { url = "https://files.pythonhosted.org/packages/ca/70/afa5850176379d1b303f992a828de95fc14487429a7139a4e0bdd17a8279/mypy-1.17.1-cp313-cp313-musllinux_1_2_x86_64.whl", hash = "sha256:fa6ffadfbe6994d724c5a1bb6123a7d27dd68fc9c059561cd33b664a79578e14", size = 12914657, upload-time = "2025-07-31T07:54:08.576Z" },
    { url = "https://files.pythonhosted.org/packages/53/f9/4a83e1c856a3d9c8f6edaa4749a4864ee98486e9b9dbfbc93842891029c2/mypy-1.17.1-cp313-cp313-win_amd64.whl", hash = "sha256:9a2b7d9180aed171f033c9f2fc6c204c1245cf60b0cb61cf2e7acc24eea78e0a", size = 9593320, upload-time = "2025-07-31T07:53:01.341Z" },
    { url = "https://files.pythonhosted.org/packages/38/56/79c2fac86da57c7d8c48622a05873eaab40b905096c33597462713f5af90/mypy-1.17.1-cp314-cp314-macosx_10_13_x86_64.whl", hash = "sha256:15a83369400454c41ed3a118e0cc58bd8123921a602f385cb6d6ea5df050c733", size = 11040037, upload-time = "2025-07-31T07:54:10.942Z" },
    { url = "https://files.pythonhosted.org/packages/4d/c3/adabe6ff53638e3cad19e3547268482408323b1e68bf082c9119000cd049/mypy-1.17.1-cp314-cp314-macosx_11_0_arm64.whl", hash = "sha256:55b918670f692fc9fba55c3298d8a3beae295c5cded0a55dccdc5bbead814acd", size = 10131550, upload-time = "2025-07-31T07:53:41.307Z" },
    { url = "https://files.pythonhosted.org/packages/b8/c5/2e234c22c3bdeb23a7817af57a58865a39753bde52c74e2c661ee0cfc640/mypy-1.17.1-cp314-cp314-manylinux2014_aarch64.manylinux_2_17_aarch64.manylinux_2_28_aarch64.whl", hash = "sha256:62761474061feef6f720149d7ba876122007ddc64adff5ba6f374fda35a018a0", size = 11872963, upload-time = "2025-07-31T07:53:16.878Z" },
    { url = "https://files.pythonhosted.org/packages/ab/26/c13c130f35ca8caa5f2ceab68a247775648fdcd6c9a18f158825f2bc2410/mypy-1.17.1-cp314-cp314-manylinux2014_x86_64.manylinux_2_17_x86_64.manylinux_2_28_x86_64.whl", hash = "sha256:c49562d3d908fd49ed0938e5423daed8d407774a479b595b143a3d7f87cdae6a", size = 12710189, upload-time = "2025-07-31T07:54:01.962Z" },
    { url = "https://files.pythonhosted.org/packages/82/df/c7d79d09f6de8383fe800521d066d877e54d30b4fb94281c262be2df84ef/mypy-1.17.1-cp314-cp314-musllinux_1_2_x86_64.whl", hash = "sha256:397fba5d7616a5bc60b45c7ed204717eaddc38f826e3645402c426057ead9a91", size = 12900322, upload-time = "2025-07-31T07:53:10.551Z" },
    { url = "https://files.pythonhosted.org/packages/b8/98/3d5a48978b4f708c55ae832619addc66d677f6dc59f3ebad71bae8285ca6/mypy-1.17.1-cp314-cp314-win_amd64.whl", hash = "sha256:9d6b20b97d373f41617bd0708fd46aa656059af57f2ef72aa8c7d6a2b73b74ed", size = 9751879, upload-time = "2025-07-31T07:52:56.683Z" },
    { url = "https://files.pythonhosted.org/packages/1d/f3/8fcd2af0f5b806f6cf463efaffd3c9548a28f84220493ecd38d127b6b66d/mypy-1.17.1-py3-none-any.whl", hash = "sha256:a9f52c0351c21fe24c21d8c0eb1f62967b262d6729393397b6f443c3b773c3b9", size = 2283411, upload-time = "2025-07-31T07:53:24.664Z" },
]

[[package]]
name = "mypy-extensions"
version = "1.1.0"
source = { registry = "https://pypi.org/simple" }
sdist = { url = "https://files.pythonhosted.org/packages/a2/6e/371856a3fb9d31ca8dac321cda606860fa4548858c0cc45d9d1d4ca2628b/mypy_extensions-1.1.0.tar.gz", hash = "sha256:52e68efc3284861e772bbcd66823fde5ae21fd2fdb51c62a211403730b916558", size = 6343, upload-time = "2025-04-22T14:54:24.164Z" }
wheels = [
    { url = "https://files.pythonhosted.org/packages/79/7b/2c79738432f5c924bef5071f933bcc9efd0473bac3b4aa584a6f7c1c8df8/mypy_extensions-1.1.0-py3-none-any.whl", hash = "sha256:1be4cccdb0f2482337c4743e60421de3a356cd97508abadd57d47403e94f5505", size = 4963, upload-time = "2025-04-22T14:54:22.983Z" },
]

[[package]]
name = "packaging"
version = "25.0"
source = { registry = "https://pypi.org/simple" }
sdist = { url = "https://files.pythonhosted.org/packages/a1/d4/1fc4078c65507b51b96ca8f8c3ba19e6a61c8253c72794544580a7b6c24d/packaging-25.0.tar.gz", hash = "sha256:d443872c98d677bf60f6a1f2f8c1cb748e8fe762d2bf9d3148b5599295b0fc4f", size = 165727, upload-time = "2025-04-19T11:48:59.673Z" }
wheels = [
    { url = "https://files.pythonhosted.org/packages/20/12/38679034af332785aac8774540895e234f4d07f7545804097de4b666afd8/packaging-25.0-py3-none-any.whl", hash = "sha256:29572ef2b1f17581046b3a2227d5c611fb25ec70ca1ba8554b24b0e69331a484", size = 66469, upload-time = "2025-04-19T11:48:57.875Z" },
]

[[package]]
name = "pathspec"
version = "0.12.1"
source = { registry = "https://pypi.org/simple" }
sdist = { url = "https://files.pythonhosted.org/packages/ca/bc/f35b8446f4531a7cb215605d100cd88b7ac6f44ab3fc94870c120ab3adbf/pathspec-0.12.1.tar.gz", hash = "sha256:a482d51503a1ab33b1c67a6c3813a26953dbdc71c31dacaef9a838c4e29f5712", size = 51043, upload-time = "2023-12-10T22:30:45Z" }
wheels = [
    { url = "https://files.pythonhosted.org/packages/cc/20/ff623b09d963f88bfde16306a54e12ee5ea43e9b597108672ff3a408aad6/pathspec-0.12.1-py3-none-any.whl", hash = "sha256:a0d503e138a4c123b27490a4f7beda6a01c6f288df0e4a8b79c7eb0dc7b4cc08", size = 31191, upload-time = "2023-12-10T22:30:43.14Z" },
]

[[package]]
name = "pdf2image"
version = "1.17.0"
source = { registry = "https://pypi.org/simple" }
dependencies = [
    { name = "pillow" },
]
sdist = { url = "https://files.pythonhosted.org/packages/00/d8/b280f01045555dc257b8153c00dee3bc75830f91a744cd5f84ef3a0a64b1/pdf2image-1.17.0.tar.gz", hash = "sha256:eaa959bc116b420dd7ec415fcae49b98100dda3dd18cd2fdfa86d09f112f6d57", size = 12811, upload-time = "2024-01-07T20:33:01.965Z" }
wheels = [
    { url = "https://files.pythonhosted.org/packages/62/33/61766ae033518957f877ab246f87ca30a85b778ebaad65b7f74fa7e52988/pdf2image-1.17.0-py3-none-any.whl", hash = "sha256:ecdd58d7afb810dffe21ef2b1bbc057ef434dabbac6c33778a38a3f7744a27e2", size = 11618, upload-time = "2024-01-07T20:32:59.957Z" },
]

[[package]]
name = "pillow"
version = "11.3.0"
source = { registry = "https://pypi.org/simple" }
sdist = { url = "https://files.pythonhosted.org/packages/f3/0d/d0d6dea55cd152ce3d6767bb38a8fc10e33796ba4ba210cbab9354b6d238/pillow-11.3.0.tar.gz", hash = "sha256:3828ee7586cd0b2091b6209e5ad53e20d0649bbe87164a459d0676e035e8f523", size = 47113069, upload-time = "2025-07-01T09:16:30.666Z" }
wheels = [
    { url = "https://files.pythonhosted.org/packages/1e/93/0952f2ed8db3a5a4c7a11f91965d6184ebc8cd7cbb7941a260d5f018cd2d/pillow-11.3.0-cp313-cp313-ios_13_0_arm64_iphoneos.whl", hash = "sha256:1c627742b539bba4309df89171356fcb3cc5a9178355b2727d1b74a6cf155fbd", size = 2128328, upload-time = "2025-07-01T09:14:35.276Z" },
    { url = "https://files.pythonhosted.org/packages/4b/e8/100c3d114b1a0bf4042f27e0f87d2f25e857e838034e98ca98fe7b8c0a9c/pillow-11.3.0-cp313-cp313-ios_13_0_arm64_iphonesimulator.whl", hash = "sha256:30b7c02f3899d10f13d7a48163c8969e4e653f8b43416d23d13d1bbfdc93b9f8", size = 2170652, upload-time = "2025-07-01T09:14:37.203Z" },
    { url = "https://files.pythonhosted.org/packages/aa/86/3f758a28a6e381758545f7cdb4942e1cb79abd271bea932998fc0db93cb6/pillow-11.3.0-cp313-cp313-ios_13_0_x86_64_iphonesimulator.whl", hash = "sha256:7859a4cc7c9295f5838015d8cc0a9c215b77e43d07a25e460f35cf516df8626f", size = 2227443, upload-time = "2025-07-01T09:14:39.344Z" },
    { url = "https://files.pythonhosted.org/packages/01/f4/91d5b3ffa718df2f53b0dc109877993e511f4fd055d7e9508682e8aba092/pillow-11.3.0-cp313-cp313-macosx_10_13_x86_64.whl", hash = "sha256:ec1ee50470b0d050984394423d96325b744d55c701a439d2bd66089bff963d3c", size = 5278474, upload-time = "2025-07-01T09:14:41.843Z" },
    { url = "https://files.pythonhosted.org/packages/f9/0e/37d7d3eca6c879fbd9dba21268427dffda1ab00d4eb05b32923d4fbe3b12/pillow-11.3.0-cp313-cp313-macosx_11_0_arm64.whl", hash = "sha256:7db51d222548ccfd274e4572fdbf3e810a5e66b00608862f947b163e613b67dd", size = 4686038, upload-time = "2025-07-01T09:14:44.008Z" },
    { url = "https://files.pythonhosted.org/packages/ff/b0/3426e5c7f6565e752d81221af9d3676fdbb4f352317ceafd42899aaf5d8a/pillow-11.3.0-cp313-cp313-manylinux2014_aarch64.manylinux_2_17_aarch64.whl", hash = "sha256:2d6fcc902a24ac74495df63faad1884282239265c6839a0a6416d33faedfae7e", size = 5864407, upload-time = "2025-07-03T13:10:15.628Z" },
    { url = "https://files.pythonhosted.org/packages/fc/c1/c6c423134229f2a221ee53f838d4be9d82bab86f7e2f8e75e47b6bf6cd77/pillow-11.3.0-cp313-cp313-manylinux2014_x86_64.manylinux_2_17_x86_64.whl", hash = "sha256:f0f5d8f4a08090c6d6d578351a2b91acf519a54986c055af27e7a93feae6d3f1", size = 7639094, upload-time = "2025-07-03T13:10:21.857Z" },
    { url = "https://files.pythonhosted.org/packages/ba/c9/09e6746630fe6372c67c648ff9deae52a2bc20897d51fa293571977ceb5d/pillow-11.3.0-cp313-cp313-manylinux_2_27_aarch64.manylinux_2_28_aarch64.whl", hash = "sha256:c37d8ba9411d6003bba9e518db0db0c58a680ab9fe5179f040b0463644bc9805", size = 5973503, upload-time = "2025-07-01T09:14:45.698Z" },
    { url = "https://files.pythonhosted.org/packages/d5/1c/a2a29649c0b1983d3ef57ee87a66487fdeb45132df66ab30dd37f7dbe162/pillow-11.3.0-cp313-cp313-manylinux_2_27_x86_64.manylinux_2_28_x86_64.whl", hash = "sha256:13f87d581e71d9189ab21fe0efb5a23e9f28552d5be6979e84001d3b8505abe8", size = 6642574, upload-time = "2025-07-01T09:14:47.415Z" },
    { url = "https://files.pythonhosted.org/packages/36/de/d5cc31cc4b055b6c6fd990e3e7f0f8aaf36229a2698501bcb0cdf67c7146/pillow-11.3.0-cp313-cp313-musllinux_1_2_aarch64.whl", hash = "sha256:023f6d2d11784a465f09fd09a34b150ea4672e85fb3d05931d89f373ab14abb2", size = 6084060, upload-time = "2025-07-01T09:14:49.636Z" },
    { url = "https://files.pythonhosted.org/packages/d5/ea/502d938cbaeec836ac28a9b730193716f0114c41325db428e6b280513f09/pillow-11.3.0-cp313-cp313-musllinux_1_2_x86_64.whl", hash = "sha256:45dfc51ac5975b938e9809451c51734124e73b04d0f0ac621649821a63852e7b", size = 6721407, upload-time = "2025-07-01T09:14:51.962Z" },
    { url = "https://files.pythonhosted.org/packages/45/9c/9c5e2a73f125f6cbc59cc7087c8f2d649a7ae453f83bd0362ff7c9e2aee2/pillow-11.3.0-cp313-cp313-win32.whl", hash = "sha256:a4d336baed65d50d37b88ca5b60c0fa9d81e3a87d4a7930d3880d1624d5b31f3", size = 6273841, upload-time = "2025-07-01T09:14:54.142Z" },
    { url = "https://files.pythonhosted.org/packages/23/85/397c73524e0cd212067e0c969aa245b01d50183439550d24d9f55781b776/pillow-11.3.0-cp313-cp313-win_amd64.whl", hash = "sha256:0bce5c4fd0921f99d2e858dc4d4d64193407e1b99478bc5cacecba2311abde51", size = 6978450, upload-time = "2025-07-01T09:14:56.436Z" },
    { url = "https://files.pythonhosted.org/packages/17/d2/622f4547f69cd173955194b78e4d19ca4935a1b0f03a302d655c9f6aae65/pillow-11.3.0-cp313-cp313-win_arm64.whl", hash = "sha256:1904e1264881f682f02b7f8167935cce37bc97db457f8e7849dc3a6a52b99580", size = 2423055, upload-time = "2025-07-01T09:14:58.072Z" },
    { url = "https://files.pythonhosted.org/packages/dd/80/a8a2ac21dda2e82480852978416cfacd439a4b490a501a288ecf4fe2532d/pillow-11.3.0-cp313-cp313t-macosx_10_13_x86_64.whl", hash = "sha256:4c834a3921375c48ee6b9624061076bc0a32a60b5532b322cc0ea64e639dd50e", size = 5281110, upload-time = "2025-07-01T09:14:59.79Z" },
    { url = "https://files.pythonhosted.org/packages/44/d6/b79754ca790f315918732e18f82a8146d33bcd7f4494380457ea89eb883d/pillow-11.3.0-cp313-cp313t-macosx_11_0_arm64.whl", hash = "sha256:5e05688ccef30ea69b9317a9ead994b93975104a677a36a8ed8106be9260aa6d", size = 4689547, upload-time = "2025-07-01T09:15:01.648Z" },
    { url = "https://files.pythonhosted.org/packages/49/20/716b8717d331150cb00f7fdd78169c01e8e0c219732a78b0e59b6bdb2fd6/pillow-11.3.0-cp313-cp313t-manylinux2014_aarch64.manylinux_2_17_aarch64.whl", hash = "sha256:1019b04af07fc0163e2810167918cb5add8d74674b6267616021ab558dc98ced", size = 5901554, upload-time = "2025-07-03T13:10:27.018Z" },
    { url = "https://files.pythonhosted.org/packages/74/cf/a9f3a2514a65bb071075063a96f0a5cf949c2f2fce683c15ccc83b1c1cab/pillow-11.3.0-cp313-cp313t-manylinux2014_x86_64.manylinux_2_17_x86_64.whl", hash = "sha256:f944255db153ebb2b19c51fe85dd99ef0ce494123f21b9db4877ffdfc5590c7c", size = 7669132, upload-time = "2025-07-03T13:10:33.01Z" },
    { url = "https://files.pythonhosted.org/packages/98/3c/da78805cbdbee9cb43efe8261dd7cc0b4b93f2ac79b676c03159e9db2187/pillow-11.3.0-cp313-cp313t-manylinux_2_27_aarch64.manylinux_2_28_aarch64.whl", hash = "sha256:1f85acb69adf2aaee8b7da124efebbdb959a104db34d3a2cb0f3793dbae422a8", size = 6005001, upload-time = "2025-07-01T09:15:03.365Z" },
    { url = "https://files.pythonhosted.org/packages/6c/fa/ce044b91faecf30e635321351bba32bab5a7e034c60187fe9698191aef4f/pillow-11.3.0-cp313-cp313t-manylinux_2_27_x86_64.manylinux_2_28_x86_64.whl", hash = "sha256:05f6ecbeff5005399bb48d198f098a9b4b6bdf27b8487c7f38ca16eeb070cd59", size = 6668814, upload-time = "2025-07-01T09:15:05.655Z" },
    { url = "https://files.pythonhosted.org/packages/7b/51/90f9291406d09bf93686434f9183aba27b831c10c87746ff49f127ee80cb/pillow-11.3.0-cp313-cp313t-musllinux_1_2_aarch64.whl", hash = "sha256:a7bc6e6fd0395bc052f16b1a8670859964dbd7003bd0af2ff08342eb6e442cfe", size = 6113124, upload-time = "2025-07-01T09:15:07.358Z" },
    { url = "https://files.pythonhosted.org/packages/cd/5a/6fec59b1dfb619234f7636d4157d11fb4e196caeee220232a8d2ec48488d/pillow-11.3.0-cp313-cp313t-musllinux_1_2_x86_64.whl", hash = "sha256:83e1b0161c9d148125083a35c1c5a89db5b7054834fd4387499e06552035236c", size = 6747186, upload-time = "2025-07-01T09:15:09.317Z" },
    { url = "https://files.pythonhosted.org/packages/49/6b/00187a044f98255225f172de653941e61da37104a9ea60e4f6887717e2b5/pillow-11.3.0-cp313-cp313t-win32.whl", hash = "sha256:2a3117c06b8fb646639dce83694f2f9eac405472713fcb1ae887469c0d4f6788", size = 6277546, upload-time = "2025-07-01T09:15:11.311Z" },
    { url = "https://files.pythonhosted.org/packages/e8/5c/6caaba7e261c0d75bab23be79f1d06b5ad2a2ae49f028ccec801b0e853d6/pillow-11.3.0-cp313-cp313t-win_amd64.whl", hash = "sha256:857844335c95bea93fb39e0fa2726b4d9d758850b34075a7e3ff4f4fa3aa3b31", size = 6985102, upload-time = "2025-07-01T09:15:13.164Z" },
    { url = "https://files.pythonhosted.org/packages/f3/7e/b623008460c09a0cb38263c93b828c666493caee2eb34ff67f778b87e58c/pillow-11.3.0-cp313-cp313t-win_arm64.whl", hash = "sha256:8797edc41f3e8536ae4b10897ee2f637235c94f27404cac7297f7b607dd0716e", size = 2424803, upload-time = "2025-07-01T09:15:15.695Z" },
    { url = "https://files.pythonhosted.org/packages/73/f4/04905af42837292ed86cb1b1dabe03dce1edc008ef14c473c5c7e1443c5d/pillow-11.3.0-cp314-cp314-macosx_10_13_x86_64.whl", hash = "sha256:d9da3df5f9ea2a89b81bb6087177fb1f4d1c7146d583a3fe5c672c0d94e55e12", size = 5278520, upload-time = "2025-07-01T09:15:17.429Z" },
    { url = "https://files.pythonhosted.org/packages/41/b0/33d79e377a336247df6348a54e6d2a2b85d644ca202555e3faa0cf811ecc/pillow-11.3.0-cp314-cp314-macosx_11_0_arm64.whl", hash = "sha256:0b275ff9b04df7b640c59ec5a3cb113eefd3795a8df80bac69646ef699c6981a", size = 4686116, upload-time = "2025-07-01T09:15:19.423Z" },
    { url = "https://files.pythonhosted.org/packages/49/2d/ed8bc0ab219ae8768f529597d9509d184fe8a6c4741a6864fea334d25f3f/pillow-11.3.0-cp314-cp314-manylinux2014_aarch64.manylinux_2_17_aarch64.whl", hash = "sha256:0743841cabd3dba6a83f38a92672cccbd69af56e3e91777b0ee7f4dba4385632", size = 5864597, upload-time = "2025-07-03T13:10:38.404Z" },
    { url = "https://files.pythonhosted.org/packages/b5/3d/b932bb4225c80b58dfadaca9d42d08d0b7064d2d1791b6a237f87f661834/pillow-11.3.0-cp314-cp314-manylinux2014_x86_64.manylinux_2_17_x86_64.whl", hash = "sha256:2465a69cf967b8b49ee1b96d76718cd98c4e925414ead59fdf75cf0fd07df673", size = 7638246, upload-time = "2025-07-03T13:10:44.987Z" },
    { url = "https://files.pythonhosted.org/packages/09/b5/0487044b7c096f1b48f0d7ad416472c02e0e4bf6919541b111efd3cae690/pillow-11.3.0-cp314-cp314-manylinux_2_27_aarch64.manylinux_2_28_aarch64.whl", hash = "sha256:41742638139424703b4d01665b807c6468e23e699e8e90cffefe291c5832b027", size = 5973336, upload-time = "2025-07-01T09:15:21.237Z" },
    { url = "https://files.pythonhosted.org/packages/a8/2d/524f9318f6cbfcc79fbc004801ea6b607ec3f843977652fdee4857a7568b/pillow-11.3.0-cp314-cp314-manylinux_2_27_x86_64.manylinux_2_28_x86_64.whl", hash = "sha256:93efb0b4de7e340d99057415c749175e24c8864302369e05914682ba642e5d77", size = 6642699, upload-time = "2025-07-01T09:15:23.186Z" },
    { url = "https://files.pythonhosted.org/packages/6f/d2/a9a4f280c6aefedce1e8f615baaa5474e0701d86dd6f1dede66726462bbd/pillow-11.3.0-cp314-cp314-musllinux_1_2_aarch64.whl", hash = "sha256:7966e38dcd0fa11ca390aed7c6f20454443581d758242023cf36fcb319b1a874", size = 6083789, upload-time = "2025-07-01T09:15:25.1Z" },
    { url = "https://files.pythonhosted.org/packages/fe/54/86b0cd9dbb683a9d5e960b66c7379e821a19be4ac5810e2e5a715c09a0c0/pillow-11.3.0-cp314-cp314-musllinux_1_2_x86_64.whl", hash = "sha256:98a9afa7b9007c67ed84c57c9e0ad86a6000da96eaa638e4f8abe5b65ff83f0a", size = 6720386, upload-time = "2025-07-01T09:15:27.378Z" },
    { url = "https://files.pythonhosted.org/packages/e7/95/88efcaf384c3588e24259c4203b909cbe3e3c2d887af9e938c2022c9dd48/pillow-11.3.0-cp314-cp314-win32.whl", hash = "sha256:02a723e6bf909e7cea0dac1b0e0310be9d7650cd66222a5f1c571455c0a45214", size = 6370911, upload-time = "2025-07-01T09:15:29.294Z" },
    { url = "https://files.pythonhosted.org/packages/2e/cc/934e5820850ec5eb107e7b1a72dd278140731c669f396110ebc326f2a503/pillow-11.3.0-cp314-cp314-win_amd64.whl", hash = "sha256:a418486160228f64dd9e9efcd132679b7a02a5f22c982c78b6fc7dab3fefb635", size = 7117383, upload-time = "2025-07-01T09:15:31.128Z" },
    { url = "https://files.pythonhosted.org/packages/d6/e9/9c0a616a71da2a5d163aa37405e8aced9a906d574b4a214bede134e731bc/pillow-11.3.0-cp314-cp314-win_arm64.whl", hash = "sha256:155658efb5e044669c08896c0c44231c5e9abcaadbc5cd3648df2f7c0b96b9a6", size = 2511385, upload-time = "2025-07-01T09:15:33.328Z" },
    { url = "https://files.pythonhosted.org/packages/1a/33/c88376898aff369658b225262cd4f2659b13e8178e7534df9e6e1fa289f6/pillow-11.3.0-cp314-cp314t-macosx_10_13_x86_64.whl", hash = "sha256:59a03cdf019efbfeeed910bf79c7c93255c3d54bc45898ac2a4140071b02b4ae", size = 5281129, upload-time = "2025-07-01T09:15:35.194Z" },
    { url = "https://files.pythonhosted.org/packages/1f/70/d376247fb36f1844b42910911c83a02d5544ebd2a8bad9efcc0f707ea774/pillow-11.3.0-cp314-cp314t-macosx_11_0_arm64.whl", hash = "sha256:f8a5827f84d973d8636e9dc5764af4f0cf2318d26744b3d902931701b0d46653", size = 4689580, upload-time = "2025-07-01T09:15:37.114Z" },
    { url = "https://files.pythonhosted.org/packages/eb/1c/537e930496149fbac69efd2fc4329035bbe2e5475b4165439e3be9cb183b/pillow-11.3.0-cp314-cp314t-manylinux2014_aarch64.manylinux_2_17_aarch64.whl", hash = "sha256:ee92f2fd10f4adc4b43d07ec5e779932b4eb3dbfbc34790ada5a6669bc095aa6", size = 5902860, upload-time = "2025-07-03T13:10:50.248Z" },
    { url = "https://files.pythonhosted.org/packages/bd/57/80f53264954dcefeebcf9dae6e3eb1daea1b488f0be8b8fef12f79a3eb10/pillow-11.3.0-cp314-cp314t-manylinux2014_x86_64.manylinux_2_17_x86_64.whl", hash = "sha256:c96d333dcf42d01f47b37e0979b6bd73ec91eae18614864622d9b87bbd5bbf36", size = 7670694, upload-time = "2025-07-03T13:10:56.432Z" },
    { url = "https://files.pythonhosted.org/packages/70/ff/4727d3b71a8578b4587d9c276e90efad2d6fe0335fd76742a6da08132e8c/pillow-11.3.0-cp314-cp314t-manylinux_2_27_aarch64.manylinux_2_28_aarch64.whl", hash = "sha256:4c96f993ab8c98460cd0c001447bff6194403e8b1d7e149ade5f00594918128b", size = 6005888, upload-time = "2025-07-01T09:15:39.436Z" },
    { url = "https://files.pythonhosted.org/packages/05/ae/716592277934f85d3be51d7256f3636672d7b1abfafdc42cf3f8cbd4b4c8/pillow-11.3.0-cp314-cp314t-manylinux_2_27_x86_64.manylinux_2_28_x86_64.whl", hash = "sha256:41342b64afeba938edb034d122b2dda5db2139b9a4af999729ba8818e0056477", size = 6670330, upload-time = "2025-07-01T09:15:41.269Z" },
    { url = "https://files.pythonhosted.org/packages/e7/bb/7fe6cddcc8827b01b1a9766f5fdeb7418680744f9082035bdbabecf1d57f/pillow-11.3.0-cp314-cp314t-musllinux_1_2_aarch64.whl", hash = "sha256:068d9c39a2d1b358eb9f245ce7ab1b5c3246c7c8c7d9ba58cfa5b43146c06e50", size = 6114089, upload-time = "2025-07-01T09:15:43.13Z" },
    { url = "https://files.pythonhosted.org/packages/8b/f5/06bfaa444c8e80f1a8e4bff98da9c83b37b5be3b1deaa43d27a0db37ef84/pillow-11.3.0-cp314-cp314t-musllinux_1_2_x86_64.whl", hash = "sha256:a1bc6ba083b145187f648b667e05a2534ecc4b9f2784c2cbe3089e44868f2b9b", size = 6748206, upload-time = "2025-07-01T09:15:44.937Z" },
    { url = "https://files.pythonhosted.org/packages/f0/77/bc6f92a3e8e6e46c0ca78abfffec0037845800ea38c73483760362804c41/pillow-11.3.0-cp314-cp314t-win32.whl", hash = "sha256:118ca10c0d60b06d006be10a501fd6bbdfef559251ed31b794668ed569c87e12", size = 6377370, upload-time = "2025-07-01T09:15:46.673Z" },
    { url = "https://files.pythonhosted.org/packages/4a/82/3a721f7d69dca802befb8af08b7c79ebcab461007ce1c18bd91a5d5896f9/pillow-11.3.0-cp314-cp314t-win_amd64.whl", hash = "sha256:8924748b688aa210d79883357d102cd64690e56b923a186f35a82cbc10f997db", size = 7121500, upload-time = "2025-07-01T09:15:48.512Z" },
    { url = "https://files.pythonhosted.org/packages/89/c7/5572fa4a3f45740eaab6ae86fcdf7195b55beac1371ac8c619d880cfe948/pillow-11.3.0-cp314-cp314t-win_arm64.whl", hash = "sha256:79ea0d14d3ebad43ec77ad5272e6ff9bba5b679ef73375ea760261207fa8e0aa", size = 2512835, upload-time = "2025-07-01T09:15:50.399Z" },
]

[[package]]
name = "pymupdf"
version = "1.26.4"
source = { registry = "https://pypi.org/simple" }
sdist = { url = "https://files.pythonhosted.org/packages/90/35/031556dfc0d332d8e9ed9b61ca105138606d3f8971b9eb02e20118629334/pymupdf-1.26.4.tar.gz", hash = "sha256:be13a066d42bfaed343a488168656637c4d9843ddc63b768dc827c9dfc6b9989", size = 83077563, upload-time = "2025-08-25T14:20:29.499Z" }
wheels = [
    { url = "https://files.pythonhosted.org/packages/27/ae/3be722886cc7be2093585cd94f466db1199133ab005645a7a567b249560f/pymupdf-1.26.4-cp39-abi3-macosx_10_9_x86_64.whl", hash = "sha256:cb95562a0a63ce906fd788bdad5239063b63068cf4a991684f43acb09052cb99", size = 23061974, upload-time = "2025-08-25T14:16:58.811Z" },
    { url = "https://files.pythonhosted.org/packages/fc/b0/9a451d837e1fe18ecdbfbc34a6499f153c8a008763229cc634725383a93f/pymupdf-1.26.4-cp39-abi3-macosx_11_0_arm64.whl", hash = "sha256:67e9e6b45832c33726651c2a031e9a20108fd9e759140b9e843f934de813a7ff", size = 22410112, upload-time = "2025-08-25T14:17:24.511Z" },
    { url = "https://files.pythonhosted.org/packages/d8/13/0916e8e02cb5453161fb9d9167c747d0a20d58633e30728645374153f815/pymupdf-1.26.4-cp39-abi3-manylinux_2_28_aarch64.whl", hash = "sha256:2604f687dd02b6a1b98c81bd8becfc0024899a2d2085adfe3f9e91607721fd22", size = 23454948, upload-time = "2025-08-25T21:20:07.71Z" },
    { url = "https://files.pythonhosted.org/packages/4e/c6/d3cfafc75d383603884edeabe4821a549345df954a88d79e6764e2c87601/pymupdf-1.26.4-cp39-abi3-manylinux_2_28_x86_64.whl", hash = "sha256:973a6dda61ebd34040e4df3753bf004b669017663fbbfdaa294d44eceba98de0", size = 24060686, upload-time = "2025-08-25T14:17:56.536Z" },
    { url = "https://files.pythonhosted.org/packages/72/08/035e9d22c801e801bba50c6745bc90ba8696a042fe2c68793e28bf0c3b07/pymupdf-1.26.4-cp39-abi3-musllinux_1_2_x86_64.whl", hash = "sha256:299a49797df5b558e695647fa791329ba3911cbbb31ed65f24a6266c118ef1a7", size = 24265046, upload-time = "2025-08-25T14:18:21.238Z" },
    { url = "https://files.pythonhosted.org/packages/28/8c/c201e4846ec0fb6ae5d52aa3a5d66f9355f0c69fb94230265714df0de65e/pymupdf-1.26.4-cp39-abi3-win32.whl", hash = "sha256:51b38379aad8c71bd7a8dd24d93fbe7580c2a5d9d7e1f9cd29ebbba315aa1bd1", size = 17127332, upload-time = "2025-08-25T14:18:39.132Z" },
    { url = "https://files.pythonhosted.org/packages/d1/c4/87d27b108c2f6d773aa5183c5ae367b2a99296ea4bc16eb79f453c679e30/pymupdf-1.26.4-cp39-abi3-win_amd64.whl", hash = "sha256:0b6345a93a9afd28de2567e433055e873205c52e6b920b129ca50e836a3aeec6", size = 18743491, upload-time = "2025-08-25T14:19:01.104Z" },
]

[[package]]
name = "pytesseract"
version = "0.3.13"
source = { registry = "https://pypi.org/simple" }
dependencies = [
    { name = "packaging" },
    { name = "pillow" },
]
sdist = { url = "https://files.pythonhosted.org/packages/9f/a6/7d679b83c285974a7cb94d739b461fa7e7a9b17a3abfd7bf6cbc5c2394b0/pytesseract-0.3.13.tar.gz", hash = "sha256:4bf5f880c99406f52a3cfc2633e42d9dc67615e69d8a509d74867d3baddb5db9", size = 17689, upload-time = "2024-08-16T02:33:56.762Z" }
wheels = [
    { url = "https://files.pythonhosted.org/packages/7a/33/8312d7ce74670c9d39a532b2c246a853861120486be9443eebf048043637/pytesseract-0.3.13-py3-none-any.whl", hash = "sha256:7a99c6c2ac598360693d83a416e36e0b33a67638bb9d77fdcac094a3589d4b34", size = 14705, upload-time = "2024-08-16T02:36:10.09Z" },
]

[[package]]
name = "sqlalchemy"
version = "2.0.43"
source = { registry = "https://pypi.org/simple" }
dependencies = [
    { name = "greenlet", marker = "(python_full_version < '3.14' and platform_machine == 'AMD64') or (python_full_version < '3.14' and platform_machine == 'WIN32') or (python_full_version < '3.14' and platform_machine == 'aarch64') or (python_full_version < '3.14' and platform_machine == 'amd64') or (python_full_version < '3.14' and platform_machine == 'ppc64le') or (python_full_version < '3.14' and platform_machine == 'win32') or (python_full_version < '3.14' and platform_machine == 'x86_64')" },
    { name = "typing-extensions" },
]
sdist = { url = "https://files.pythonhosted.org/packages/d7/bc/d59b5d97d27229b0e009bd9098cd81af71c2fa5549c580a0a67b9bed0496/sqlalchemy-2.0.43.tar.gz", hash = "sha256:788bfcef6787a7764169cfe9859fe425bf44559619e1d9f56f5bddf2ebf6f417", size = 9762949, upload-time = "2025-08-11T14:24:58.438Z" }
wheels = [
    { url = "https://files.pythonhosted.org/packages/41/1c/a7260bd47a6fae7e03768bf66451437b36451143f36b285522b865987ced/sqlalchemy-2.0.43-cp313-cp313-macosx_10_13_x86_64.whl", hash = "sha256:e7c08f57f75a2bb62d7ee80a89686a5e5669f199235c6d1dac75cd59374091c3", size = 2130598, upload-time = "2025-08-11T15:51:15.903Z" },
    { url = "https://files.pythonhosted.org/packages/8e/84/8a337454e82388283830b3586ad7847aa9c76fdd4f1df09cdd1f94591873/sqlalchemy-2.0.43-cp313-cp313-macosx_11_0_arm64.whl", hash = "sha256:14111d22c29efad445cd5021a70a8b42f7d9152d8ba7f73304c4d82460946aaa", size = 2118415, upload-time = "2025-08-11T15:51:17.256Z" },
    { url = "https://files.pythonhosted.org/packages/cf/ff/22ab2328148492c4d71899d62a0e65370ea66c877aea017a244a35733685/sqlalchemy-2.0.43-cp313-cp313-manylinux_2_17_aarch64.manylinux2014_aarch64.whl", hash = "sha256:21b27b56eb2f82653168cefe6cb8e970cdaf4f3a6cb2c5e3c3c1cf3158968ff9", size = 3248707, upload-time = "2025-08-11T15:52:38.444Z" },
    { url = "https://files.pythonhosted.org/packages/dc/29/11ae2c2b981de60187f7cbc84277d9d21f101093d1b2e945c63774477aba/sqlalchemy-2.0.43-cp313-cp313-manylinux_2_17_x86_64.manylinux2014_x86_64.whl", hash = "sha256:9c5a9da957c56e43d72126a3f5845603da00e0293720b03bde0aacffcf2dc04f", size = 3253602, upload-time = "2025-08-11T15:56:37.348Z" },
    { url = "https://files.pythonhosted.org/packages/b8/61/987b6c23b12c56d2be451bc70900f67dd7d989d52b1ee64f239cf19aec69/sqlalchemy-2.0.43-cp313-cp313-musllinux_1_2_aarch64.whl", hash = "sha256:5d79f9fdc9584ec83d1b3c75e9f4595c49017f5594fee1a2217117647225d738", size = 3183248, upload-time = "2025-08-11T15:52:39.865Z" },
    { url = "https://files.pythonhosted.org/packages/86/85/29d216002d4593c2ce1c0ec2cec46dda77bfbcd221e24caa6e85eff53d89/sqlalchemy-2.0.43-cp313-cp313-musllinux_1_2_x86_64.whl", hash = "sha256:9df7126fd9db49e3a5a3999442cc67e9ee8971f3cb9644250107d7296cb2a164", size = 3219363, upload-time = "2025-08-11T15:56:39.11Z" },
    { url = "https://files.pythonhosted.org/packages/b6/e4/bd78b01919c524f190b4905d47e7630bf4130b9f48fd971ae1c6225b6f6a/sqlalchemy-2.0.43-cp313-cp313-win32.whl", hash = "sha256:7f1ac7828857fcedb0361b48b9ac4821469f7694089d15550bbcf9ab22564a1d", size = 2096718, upload-time = "2025-08-11T15:55:05.349Z" },
    { url = "https://files.pythonhosted.org/packages/ac/a5/ca2f07a2a201f9497de1928f787926613db6307992fe5cda97624eb07c2f/sqlalchemy-2.0.43-cp313-cp313-win_amd64.whl", hash = "sha256:971ba928fcde01869361f504fcff3b7143b47d30de188b11c6357c0505824197", size = 2123200, upload-time = "2025-08-11T15:55:07.932Z" },
    { url = "https://files.pythonhosted.org/packages/b8/d9/13bdde6521f322861fab67473cec4b1cc8999f3871953531cf61945fad92/sqlalchemy-2.0.43-py3-none-any.whl", hash = "sha256:1681c21dd2ccee222c2fe0bef671d1aef7c504087c9c4e800371cfcc8ac966fc", size = 1924759, upload-time = "2025-08-11T15:39:53.024Z" },
]

[package.optional-dependencies]
mypy = [
    { name = "mypy" },
]

[[package]]
name = "typing-extensions"
version = "4.15.0"
source = { registry = "https://pypi.org/simple" }
sdist = { url = "https://files.pythonhosted.org/packages/72/94/1a15dd82efb362ac84269196e94cf00f187f7ed21c242792a923cdb1c61f/typing_extensions-4.15.0.tar.gz", hash = "sha256:0cea48d173cc12fa28ecabc3b837ea3cf6f38c6d1136f85cbaaf598984861466", size = 109391, upload-time = "2025-08-25T13:49:26.313Z" }
wheels = [
    { url = "https://files.pythonhosted.org/packages/18/67/36e9267722cc04a6b9f15c7f3441c2363321a3ea07da7ae0c0707beb2a9c/typing_extensions-4.15.0-py3-none-any.whl", hash = "sha256:f0fa19c6845758ab08074a0cfa8b7aecb71c999ca73d62883bc25cc018c4e548", size = 44614, upload-time = "2025-08-25T13:49:24.86Z" },
]

[[package]]
name = "whoosh"
version = "2.7.4"
source = { registry = "https://pypi.org/simple" }
sdist = { url = "https://files.pythonhosted.org/packages/25/2b/6beed2107b148edc1321da0d489afc4617b9ed317ef7b72d4993cad9b684/Whoosh-2.7.4.tar.gz", hash = "sha256:7ca5633dbfa9e0e0fa400d3151a8a0c4bec53bd2ecedc0a67705b17565c31a83", size = 968741, upload-time = "2016-04-04T01:19:32.327Z" }
wheels = [
    { url = "https://files.pythonhosted.org/packages/ba/19/24d0f1f454a2c1eb689ca28d2f178db81e5024f42d82729a4ff6771155cf/Whoosh-2.7.4-py2.py3-none-any.whl", hash = "sha256:aa39c3c3426e3fd107dcb4bde64ca1e276a65a889d9085a6e4b54ba82420a852", size = 468790, upload-time = "2016-04-04T01:19:40.379Z" },
]
